// !$*UTF8*$!
{
	archiveVersion = 1;
	classes = {
	};
	objectVersion = 56;
	objects = {

/* Begin PBXBuildFile section */
		3F27A41A2B163FFB002F36FD /* NavigationDemoApp.swift in Sources */ = {isa = PBXBuildFile; fileRef = 3F27A4192B163FFB002F36FD /* NavigationDemoApp.swift */; };
		3F27A41C2B163FFB002F36FD /* ContentView.swift in Sources */ = {isa = PBXBuildFile; fileRef = 3F27A41B2B163FFB002F36FD /* ContentView.swift */; };
		3F27A41E2B163FFB002F36FD /* Item.swift in Sources */ = {isa = PBXBuildFile; fileRef = 3F27A41D2B163FFB002F36FD /* Item.swift */; };
		3F27A4202B163FFD002F36FD /* Assets.xcassets in Resources */ = {isa = PBXBuildFile; fileRef = 3F27A41F2B163FFD002F36FD /* Assets.xcassets */; };
		3F27A4232B163FFD002F36FD /* Preview Assets.xcassets in Resources */ = {isa = PBXBuildFile; fileRef = 3F27A4222B163FFD002F36FD /* Preview Assets.xcassets */; };
		3F27A42D2B163FFE002F36FD /* NavigationDemoTests.swift in Sources */ = {isa = PBXBuildFile; fileRef = 3F27A42C2B163FFE002F36FD /* NavigationDemoTests.swift */; };
		3F27A4372B163FFE002F36FD /* NavigationDemoUITests.swift in Sources */ = {isa = PBXBuildFile; fileRef = 3F27A4362B163FFE002F36FD /* NavigationDemoUITests.swift */; };
		3F27A4392B163FFE002F36FD /* NavigationDemoUITestsLaunchTests.swift in Sources */ = {isa = PBXBuildFile; fileRef = 3F27A4382B163FFE002F36FD /* NavigationDemoUITestsLaunchTests.swift */; };
/* End PBXBuildFile section */

/* Begin PBXContainerItemProxy section */
		3F27A4292B163FFE002F36FD /* PBXContainerItemProxy */ = {
			isa = PBXContainerItemProxy;
			containerPortal = 3F27A40E2B163FFB002F36FD /* Project object */;
			proxyType = 1;
			remoteGlobalIDString = 3F27A4152B163FFB002F36FD;
			remoteInfo = NavigationDemo;
		};
		3F27A4332B163FFE002F36FD /* PBXContainerItemProxy */ = {
			isa = PBXContainerItemProxy;
			containerPortal = 3F27A40E2B163FFB002F36FD /* Project object */;
			proxyType = 1;
			remoteGlobalIDString = 3F27A4152B163FFB002F36FD;
			remoteInfo = NavigationDemo;
		};
/* End PBXContainerItemProxy section */

/* Begin PBXFileReference section */
		3F27A4162B163FFB002F36FD /* NavigationDemo.app */ = {isa = PBXFileReference; explicitFileType = wrapper.application; includeInIndex = 0; path = NavigationDemo.app; sourceTree = BUILT_PRODUCTS_DIR; };
		3F27A4192B163FFB002F36FD /* NavigationDemoApp.swift */ = {isa = PBXFileReference; lastKnownFileType = sourcecode.swift; path = NavigationDemoApp.swift; sourceTree = "<group>"; };
		3F27A41B2B163FFB002F36FD /* ContentView.swift */ = {isa = PBXFileReference; lastKnownFileType = sourcecode.swift; path = ContentView.swift; sourceTree = "<group>"; };
		3F27A41D2B163FFB002F36FD /* Item.swift */ = {isa = PBXFileReference; lastKnownFileType = sourcecode.swift; path = Item.swift; sourceTree = "<group>"; };
		3F27A41F2B163FFD002F36FD /* Assets.xcassets */ = {isa = PBXFileReference; lastKnownFileType = folder.assetcatalog; path = Assets.xcassets; sourceTree = "<group>"; };
		3F27A4222B163FFD002F36FD /* Preview Assets.xcassets */ = {isa = PBXFileReference; lastKnownFileType = folder.assetcatalog; path = "Preview Assets.xcassets"; sourceTree = "<group>"; };
		3F27A4282B163FFE002F36FD /* NavigationDemoTests.xctest */ = {isa = PBXFileReference; explicitFileType = wrapper.cfbundle; includeInIndex = 0; path = NavigationDemoTests.xctest; sourceTree = BUILT_PRODUCTS_DIR; };
		3F27A42C2B163FFE002F36FD /* NavigationDemoTests.swift */ = {isa = PBXFileReference; lastKnownFileType = sourcecode.swift; path = NavigationDemoTests.swift; sourceTree = "<group>"; };
		3F27A4322B163FFE002F36FD /* NavigationDemoUITests.xctest */ = {isa = PBXFileReference; explicitFileType = wrapper.cfbundle; includeInIndex = 0; path = NavigationDemoUITests.xctest; sourceTree = BUILT_PRODUCTS_DIR; };
		3F27A4362B163FFE002F36FD /* NavigationDemoUITests.swift */ = {isa = PBXFileReference; lastKnownFileType = sourcecode.swift; path = NavigationDemoUITests.swift; sourceTree = "<group>"; };
		3F27A4382B163FFE002F36FD /* NavigationDemoUITestsLaunchTests.swift */ = {isa = PBXFileReference; lastKnownFileType = sourcecode.swift; path = NavigationDemoUITestsLaunchTests.swift; sourceTree = "<group>"; };
/* End PBXFileReference section */

/* Begin PBXFrameworksBuildPhase section */
		3F27A4132B163FFB002F36FD /* Frameworks */ = {
			isa = PBXFrameworksBuildPhase;
			buildActionMask = 2147483647;
			files = (
			);
			runOnlyForDeploymentPostprocessing = 0;
		};
		3F27A4252B163FFE002F36FD /* Frameworks */ = {
			isa = PBXFrameworksBuildPhase;
			buildActionMask = 2147483647;
			files = (
			);
			runOnlyForDeploymentPostprocessing = 0;
		};
		3F27A42F2B163FFE002F36FD /* Frameworks */ = {
			isa = PBXFrameworksBuildPhase;
			buildActionMask = 2147483647;
			files = (
			);
			runOnlyForDeploymentPostprocessing = 0;
		};
/* End PBXFrameworksBuildPhase section */

/* Begin PBXGroup section */
		3F27A40D2B163FFB002F36FD = {
			isa = PBXGroup;
			children = (
				3F27A4182B163FFB002F36FD /* NavigationDemo */,
				3F27A42B2B163FFE002F36FD /* NavigationDemoTests */,
				3F27A4352B163FFE002F36FD /* NavigationDemoUITests */,
				3F27A4172B163FFB002F36FD /* Products */,
			);
			sourceTree = "<group>";
		};
		3F27A4172B163FFB002F36FD /* Products */ = {
			isa = PBXGroup;
			children = (
				3F27A4162B163FFB002F36FD /* NavigationDemo.app */,
				3F27A4282B163FFE002F36FD /* NavigationDemoTests.xctest */,
				3F27A4322B163FFE002F36FD /* NavigationDemoUITests.xctest */,
			);
			name = Products;
			sourceTree = "<group>";
		};
		3F27A4182B163FFB002F36FD /* NavigationDemo */ = {
			isa = PBXGroup;
			children = (
				3F27A4192B163FFB002F36FD /* NavigationDemoApp.swift */,
				3F27A41B2B163FFB002F36FD /* ContentView.swift */,
				3F27A41D2B163FFB002F36FD /* Item.swift */,
				3F27A41F2B163FFD002F36FD /* Assets.xcassets */,
				3F27A4212B163FFD002F36FD /* Preview Content */,
			);
			path = NavigationDemo;
			sourceTree = "<group>";
		};
		3F27A4212B163FFD002F36FD /* Preview Content */ = {
			isa = PBXGroup;
			children = (
				3F27A4222B163FFD002F36FD /* Preview Assets.xcassets */,
			);
			path = "Preview Content";
			sourceTree = "<group>";
		};
		3F27A42B2B163FFE002F36FD /* NavigationDemoTests */ = {
			isa = PBXGroup;
			children = (
				3F27A42C2B163FFE002F36FD /* NavigationDemoTests.swift */,
			);
			path = NavigationDemoTests;
			sourceTree = "<group>";
		};
		3F27A4352B163FFE002F36FD /* NavigationDemoUITests */ = {
			isa = PBXGroup;
			children = (
				3F27A4362B163FFE002F36FD /* NavigationDemoUITests.swift */,
				3F27A4382B163FFE002F36FD /* NavigationDemoUITestsLaunchTests.swift */,
			);
			path = NavigationDemoUITests;
			sourceTree = "<group>";
		};
/* End PBXGroup section */

/* Begin PBXNativeTarget section */
		3F27A4152B163FFB002F36FD /* NavigationDemo */ = {
			isa = PBXNativeTarget;
			buildConfigurationList = 3F27A43C2B163FFE002F36FD /* Build configuration list for PBXNativeTarget "NavigationDemo" */;
			buildPhases = (
				3F27A4122B163FFB002F36FD /* Sources */,
				3F27A4132B163FFB002F36FD /* Frameworks */,
				3F27A4142B163FFB002F36FD /* Resources */,
			);
			buildRules = (
			);
			dependencies = (
			);
			name = NavigationDemo;
			productName = NavigationDemo;
			productReference = 3F27A4162B163FFB002F36FD /* NavigationDemo.app */;
			productType = "com.apple.product-type.application";
		};
		3F27A4272B163FFE002F36FD /* NavigationDemoTests */ = {
			isa = PBXNativeTarget;
			buildConfigurationList = 3F27A43F2B163FFE002F36FD /* Build configuration list for PBXNativeTarget "NavigationDemoTests" */;
			buildPhases = (
				3F27A4242B163FFE002F36FD /* Sources */,
				3F27A4252B163FFE002F36FD /* Frameworks */,
				3F27A4262B163FFE002F36FD /* Resources */,
			);
			buildRules = (
			);
			dependencies = (
				3F27A42A2B163FFE002F36FD /* PBXTargetDependency */,
			);
			name = NavigationDemoTests;
			productName = NavigationDemoTests;
			productReference = 3F27A4282B163FFE002F36FD /* NavigationDemoTests.xctest */;
			productType = "com.apple.product-type.bundle.unit-test";
		};
		3F27A4312B163FFE002F36FD /* NavigationDemoUITests */ = {
			isa = PBXNativeTarget;
			buildConfigurationList = 3F27A4422B163FFE002F36FD /* Build configuration list for PBXNativeTarget "NavigationDemoUITests" */;
			buildPhases = (
				3F27A42E2B163FFE002F36FD /* Sources */,
				3F27A42F2B163FFE002F36FD /* Frameworks */,
				3F27A4302B163FFE002F36FD /* Resources */,
			);
			buildRules = (
			);
			dependencies = (
				3F27A4342B163FFE002F36FD /* PBXTargetDependency */,
			);
			name = NavigationDemoUITests;
			productName = NavigationDemoUITests;
			productReference = 3F27A4322B163FFE002F36FD /* NavigationDemoUITests.xctest */;
			productType = "com.apple.product-type.bundle.ui-testing";
		};
/* End PBXNativeTarget section */

/* Begin PBXProject section */
		3F27A40E2B163FFB002F36FD /* Project object */ = {
			isa = PBXProject;
			attributes = {
				BuildIndependentTargetsInParallel = 1;
				LastSwiftUpdateCheck = 1500;
				LastUpgradeCheck = 1500;
				TargetAttributes = {
					3F27A4152B163FFB002F36FD = {
						CreatedOnToolsVersion = 15.0.1;
					};
					3F27A4272B163FFE002F36FD = {
						CreatedOnToolsVersion = 15.0.1;
						TestTargetID = 3F27A4152B163FFB002F36FD;
					};
					3F27A4312B163FFE002F36FD = {
						CreatedOnToolsVersion = 15.0.1;
						TestTargetID = 3F27A4152B163FFB002F36FD;
					};
				};
			};
			buildConfigurationList = 3F27A4112B163FFB002F36FD /* Build configuration list for PBXProject "NavigationDemo" */;
			compatibilityVersion = "Xcode 14.0";
			developmentRegion = en;
			hasScannedForEncodings = 0;
			knownRegions = (
				en,
				Base,
			);
			mainGroup = 3F27A40D2B163FFB002F36FD;
			productRefGroup = 3F27A4172B163FFB002F36FD /* Products */;
			projectDirPath = "";
			projectRoot = "";
			targets = (
				3F27A4152B163FFB002F36FD /* NavigationDemo */,
				3F27A4272B163FFE002F36FD /* NavigationDemoTests */,
				3F27A4312B163FFE002F36FD /* NavigationDemoUITests */,
			);
		};
/* End PBXProject section */

/* Begin PBXResourcesBuildPhase section */
		3F27A4142B163FFB002F36FD /* Resources */ = {
			isa = PBXResourcesBuildPhase;
			buildActionMask = 2147483647;
			files = (
				3F27A4232B163FFD002F36FD /* Preview Assets.xcassets in Resources */,
				3F27A4202B163FFD002F36FD /* Assets.xcassets in Resources */,
			);
			runOnlyForDeploymentPostprocessing = 0;
		};
		3F27A4262B163FFE002F36FD /* Resources */ = {
			isa = PBXResourcesBuildPhase;
			buildActionMask = 2147483647;
			files = (
			);
			runOnlyForDeploymentPostprocessing = 0;
		};
		3F27A4302B163FFE002F36FD /* Resources */ = {
			isa = PBXResourcesBuildPhase;
			buildActionMask = 2147483647;
			files = (
			);
			runOnlyForDeploymentPostprocessing = 0;
		};
/* End PBXResourcesBuildPhase section */

/* Begin PBXSourcesBuildPhase section */
		3F27A4122B163FFB002F36FD /* Sources */ = {
			isa = PBXSourcesBuildPhase;
			buildActionMask = 2147483647;
			files = (
				3F27A41C2B163FFB002F36FD /* ContentView.swift in Sources */,
				3F27A41E2B163FFB002F36FD /* Item.swift in Sources */,
				3F27A41A2B163FFB002F36FD /* NavigationDemoApp.swift in Sources */,
			);
			runOnlyForDeploymentPostprocessing = 0;
		};
		3F27A4242B163FFE002F36FD /* Sources */ = {
			isa = PBXSourcesBuildPhase;
			buildActionMask = 2147483647;
			files = (
				3F27A42D2B163FFE002F36FD /* NavigationDemoTests.swift in Sources */,
			);
			runOnlyForDeploymentPostprocessing = 0;
		};
		3F27A42E2B163FFE002F36FD /* Sources */ = {
			isa = PBXSourcesBuildPhase;
			buildActionMask = 2147483647;
			files = (
				3F27A4372B163FFE002F36FD /* NavigationDemoUITests.swift in Sources */,
				3F27A4392B163FFE002F36FD /* NavigationDemoUITestsLaunchTests.swift in Sources */,
			);
			runOnlyForDeploymentPostprocessing = 0;
		};
/* End PBXSourcesBuildPhase section */

/* Begin PBXTargetDependency section */
		3F27A42A2B163FFE002F36FD /* PBXTargetDependency */ = {
			isa = PBXTargetDependency;
			target = 3F27A4152B163FFB002F36FD /* NavigationDemo */;
			targetProxy = 3F27A4292B163FFE002F36FD /* PBXContainerItemProxy */;
		};
		3F27A4342B163FFE002F36FD /* PBXTargetDependency */ = {
			isa = PBXTargetDependency;
			target = 3F27A4152B163FFB002F36FD /* NavigationDemo */;
			targetProxy = 3F27A4332B163FFE002F36FD /* PBXContainerItemProxy */;
		};
/* End PBXTargetDependency section */

/* Begin XCBuildConfiguration section */
		3F27A43A2B163FFE002F36FD /* Debug */ = {
			isa = XCBuildConfiguration;
			buildSettings = {
				ALWAYS_SEARCH_USER_PATHS = NO;
				ASSETCATALOG_COMPILER_GENERATE_SWIFT_ASSET_SYMBOL_EXTENSIONS = YES;
				CLANG_ANALYZER_NONNULL = YES;
				CLANG_ANALYZER_NUMBER_OBJECT_CONVERSION = YES_AGGRESSIVE;
				CLANG_CXX_LANGUAGE_STANDARD = "gnu++20";
				CLANG_ENABLE_MODULES = YES;
				CLANG_ENABLE_OBJC_ARC = YES;
				CLANG_ENABLE_OBJC_WEAK = YES;
				CLANG_WARN_BLOCK_CAPTURE_AUTORELEASING = YES;
				CLANG_WARN_BOOL_CONVERSION = YES;
				CLANG_WARN_COMMA = YES;
				CLANG_WARN_CONSTANT_CONVERSION = YES;
				CLANG_WARN_DEPRECATED_OBJC_IMPLEMENTATIONS = YES;
				CLANG_WARN_DIRECT_OBJC_ISA_USAGE = YES_ERROR;
				CLANG_WARN_DOCUMENTATION_COMMENTS = YES;
				CLANG_WARN_EMPTY_BODY = YES;
				CLANG_WARN_ENUM_CONVERSION = YES;
				CLANG_WARN_INFINITE_RECURSION = YES;
				CLANG_WARN_INT_CONVERSION = YES;
				CLANG_WARN_NON_LITERAL_NULL_CONVERSION = YES;
				CLANG_WARN_OBJC_IMPLICIT_RETAIN_SELF = YES;
				CLANG_WARN_OBJC_LITERAL_CONVERSION = YES;
				CLANG_WARN_OBJC_ROOT_CLASS = YES_ERROR;
				CLANG_WARN_QUOTED_INCLUDE_IN_FRAMEWORK_HEADER = YES;
				CLANG_WARN_RANGE_LOOP_ANALYSIS = YES;
				CLANG_WARN_STRICT_PROTOTYPES = YES;
				CLANG_WARN_SUSPICIOUS_MOVE = YES;
				CLANG_WARN_UNGUARDED_AVAILABILITY = YES_AGGRESSIVE;
				CLANG_WARN_UNREACHABLE_CODE = YES;
				CLANG_WARN__DUPLICATE_METHOD_MATCH = YES;
				COPY_PHASE_STRIP = NO;
				DEBUG_INFORMATION_FORMAT = dwarf;
				ENABLE_STRICT_OBJC_MSGSEND = YES;
				ENABLE_TESTABILITY = YES;
				ENABLE_USER_SCRIPT_SANDBOXING = YES;
				GCC_C_LANGUAGE_STANDARD = gnu17;
				GCC_DYNAMIC_NO_PIC = NO;
				GCC_NO_COMMON_BLOCKS = YES;
				GCC_OPTIMIZATION_LEVEL = 0;
				GCC_PREPROCESSOR_DEFINITIONS = (
					"DEBUG=1",
					"$(inherited)",
				);
				GCC_WARN_64_TO_32_BIT_CONVERSION = YES;
				GCC_WARN_ABOUT_RETURN_TYPE = YES_ERROR;
				GCC_WARN_UNDECLARED_SELECTOR = YES;
				GCC_WARN_UNINITIALIZED_AUTOS = YES_AGGRESSIVE;
				GCC_WARN_UNUSED_FUNCTION = YES;
				GCC_WARN_UNUSED_VARIABLE = YES;
				IPHONEOS_DEPLOYMENT_TARGET = 17.0;
				LOCALIZATION_PREFERS_STRING_CATALOGS = YES;
				MTL_ENABLE_DEBUG_INFO = INCLUDE_SOURCE;
				MTL_FAST_MATH = YES;
				ONLY_ACTIVE_ARCH = YES;
				SDKROOT = iphoneos;
				SWIFT_ACTIVE_COMPILATION_CONDITIONS = "DEBUG $(inherited)";
				SWIFT_OPTIMIZATION_LEVEL = "-Onone";
			};
			name = Debug;
		};
		3F27A43B2B163FFE002F36FD /* Release */ = {
			isa = XCBuildConfiguration;
			buildSettings = {
				ALWAYS_SEARCH_USER_PATHS = NO;
				ASSETCATALOG_COMPILER_GENERATE_SWIFT_ASSET_SYMBOL_EXTENSIONS = YES;
				CLANG_ANALYZER_NONNULL = YES;
				CLANG_ANALYZER_NUMBER_OBJECT_CONVERSION = YES_AGGRESSIVE;
				CLANG_CXX_LANGUAGE_STANDARD = "gnu++20";
				CLANG_ENABLE_MODULES = YES;
				CLANG_ENABLE_OBJC_ARC = YES;
				CLANG_ENABLE_OBJC_WEAK = YES;
				CLANG_WARN_BLOCK_CAPTURE_AUTORELEASING = YES;
				CLANG_WARN_BOOL_CONVERSION = YES;
				CLANG_WARN_COMMA = YES;
				CLANG_WARN_CONSTANT_CONVERSION = YES;
				CLANG_WARN_DEPRECATED_OBJC_IMPLEMENTATIONS = YES;
				CLANG_WARN_DIRECT_OBJC_ISA_USAGE = YES_ERROR;
				CLANG_WARN_DOCUMENTATION_COMMENTS = YES;
				CLANG_WARN_EMPTY_BODY = YES;
				CLANG_WARN_ENUM_CONVERSION = YES;
				CLANG_WARN_INFINITE_RECURSION = YES;
				CLANG_WARN_INT_CONVERSION = YES;
				CLANG_WARN_NON_LITERAL_NULL_CONVERSION = YES;
				CLANG_WARN_OBJC_IMPLICIT_RETAIN_SELF = YES;
				CLANG_WARN_OBJC_LITERAL_CONVERSION = YES;
				CLANG_WARN_OBJC_ROOT_CLASS = YES_ERROR;
				CLANG_WARN_QUOTED_INCLUDE_IN_FRAMEWORK_HEADER = YES;
				CLANG_WARN_RANGE_LOOP_ANALYSIS = YES;
				CLANG_WARN_STRICT_PROTOTYPES = YES;
				CLANG_WARN_SUSPICIOUS_MOVE = YES;
				CLANG_WARN_UNGUARDED_AVAILABILITY = YES_AGGRESSIVE;
				CLANG_WARN_UNREACHABLE_CODE = YES;
				CLANG_WARN__DUPLICATE_METHOD_MATCH = YES;
				COPY_PHASE_STRIP = NO;
				DEBUG_INFORMATION_FORMAT = "dwarf-with-dsym";
				ENABLE_NS_ASSERTIONS = NO;
				ENABLE_STRICT_OBJC_MSGSEND = YES;
				ENABLE_USER_SCRIPT_SANDBOXING = YES;
				GCC_C_LANGUAGE_STANDARD = gnu17;
				GCC_NO_COMMON_BLOCKS = YES;
				GCC_WARN_64_TO_32_BIT_CONVERSION = YES;
				GCC_WARN_ABOUT_RETURN_TYPE = YES_ERROR;
				GCC_WARN_UNDECLARED_SELECTOR = YES;
				GCC_WARN_UNINITIALIZED_AUTOS = YES_AGGRESSIVE;
				GCC_WARN_UNUSED_FUNCTION = YES;
				GCC_WARN_UNUSED_VARIABLE = YES;
				IPHONEOS_DEPLOYMENT_TARGET = 17.0;
				LOCALIZATION_PREFERS_STRING_CATALOGS = YES;
				MTL_ENABLE_DEBUG_INFO = NO;
				MTL_FAST_MATH = YES;
				SDKROOT = iphoneos;
				SWIFT_COMPILATION_MODE = wholemodule;
				VALIDATE_PRODUCT = YES;
			};
			name = Release;
		};
		3F27A43D2B163FFE002F36FD /* Debug */ = {
			isa = XCBuildConfiguration;
			buildSettings = {
				ASSETCATALOG_COMPILER_APPICON_NAME = AppIcon;
				ASSETCATALOG_COMPILER_GLOBAL_ACCENT_COLOR_NAME = AccentColor;
				CODE_SIGN_STYLE = Automatic;
				CURRENT_PROJECT_VERSION = 1;
				DEVELOPMENT_ASSET_PATHS = "\"NavigationDemo/Preview Content\"";
				DEVELOPMENT_TEAM = KFPSLPBU25;
				ENABLE_PREVIEWS = YES;
				GENERATE_INFOPLIST_FILE = YES;
				INFOPLIST_KEY_UIApplicationSceneManifest_Generation = YES;
				INFOPLIST_KEY_UIApplicationSupportsIndirectInputEvents = YES;
				INFOPLIST_KEY_UILaunchScreen_Generation = YES;
				INFOPLIST_KEY_UISupportedInterfaceOrientations_iPad = "UIInterfaceOrientationPortrait UIInterfaceOrientationPortraitUpsideDown UIInterfaceOrientationLandscapeLeft UIInterfaceOrientationLandscapeRight";
				INFOPLIST_KEY_UISupportedInterfaceOrientations_iPhone = "UIInterfaceOrientationPortrait UIInterfaceOrientationLandscapeLeft UIInterfaceOrientationLandscapeRight";
				LD_RUNPATH_SEARCH_PATHS = (
					"$(inherited)",
					"@executable_path/Frameworks",
				);
				MARKETING_VERSION = 1.0;
				PRODUCT_BUNDLE_IDENTIFIER = edu.byu.is543.NavigationDemo;
				PRODUCT_NAME = "$(TARGET_NAME)";
				SWIFT_EMIT_LOC_STRINGS = YES;
				SWIFT_VERSION = 5.0;
				TARGETED_DEVICE_FAMILY = "1,2";
			};
			name = Debug;
		};
		3F27A43E2B163FFE002F36FD /* Release */ = {
			isa = XCBuildConfiguration;
			buildSettings = {
				ASSETCATALOG_COMPILER_APPICON_NAME = AppIcon;
				ASSETCATALOG_COMPILER_GLOBAL_ACCENT_COLOR_NAME = AccentColor;
				CODE_SIGN_STYLE = Automatic;
				CURRENT_PROJECT_VERSION = 1;
				DEVELOPMENT_ASSET_PATHS = "\"NavigationDemo/Preview Content\"";
				DEVELOPMENT_TEAM = KFPSLPBU25;
				ENABLE_PREVIEWS = YES;
				GENERATE_INFOPLIST_FILE = YES;
				INFOPLIST_KEY_UIApplicationSceneManifest_Generation = YES;
				INFOPLIST_KEY_UIApplicationSupportsIndirectInputEvents = YES;
				INFOPLIST_KEY_UILaunchScreen_Generation = YES;
				INFOPLIST_KEY_UISupportedInterfaceOrientations_iPad = "UIInterfaceOrientationPortrait UIInterfaceOrientationPortraitUpsideDown UIInterfaceOrientationLandscapeLeft UIInterfaceOrientationLandscapeRight";
				INFOPLIST_KEY_UISupportedInterfaceOrientations_iPhone = "UIInterfaceOrientationPortrait UIInterfaceOrientationLandscapeLeft UIInterfaceOrientationLandscapeRight";
				LD_RUNPATH_SEARCH_PATHS = (
					"$(inherited)",
					"@executable_path/Frameworks",
				);
				MARKETING_VERSION = 1.0;
				PRODUCT_BUNDLE_IDENTIFIER = edu.byu.is543.NavigationDemo;
				PRODUCT_NAME = "$(TARGET_NAME)";
				SWIFT_EMIT_LOC_STRINGS = YES;
				SWIFT_VERSION = 5.0;
				TARGETED_DEVICE_FAMILY = "1,2";
			};
			name = Release;
		};
		3F27A4402B163FFE002F36FD /* Debug */ = {
			isa = XCBuildConfiguration;
			buildSettings = {
				ALWAYS_EMBED_SWIFT_STANDARD_LIBRARIES = YES;
				BUNDLE_LOADER = "$(TEST_HOST)";
				CODE_SIGN_STYLE = Automatic;
				CURRENT_PROJECT_VERSION = 1;
				DEVELOPMENT_TEAM = KFPSLPBU25;
				GENERATE_INFOPLIST_FILE = YES;
				IPHONEOS_DEPLOYMENT_TARGET = 17.0;
				MARKETING_VERSION = 1.0;
				PRODUCT_BUNDLE_IDENTIFIER = edu.byu.is543.NavigationDemoTests;
				PRODUCT_NAME = "$(TARGET_NAME)";
				SWIFT_EMIT_LOC_STRINGS = NO;
				SWIFT_VERSION = 5.0;
				TARGETED_DEVICE_FAMILY = "1,2";
				TEST_HOST = "$(BUILT_PRODUCTS_DIR)/NavigationDemo.app/$(BUNDLE_EXECUTABLE_FOLDER_PATH)/NavigationDemo";
			};
			name = Debug;
		};
		3F27A4412B163FFE002F36FD /* Release */ = {
			isa = XCBuildConfiguration;
			buildSettings = {
				ALWAYS_EMBED_SWIFT_STANDARD_LIBRARIES = YES;
				BUNDLE_LOADER = "$(TEST_HOST)";
				CODE_SIGN_STYLE = Automatic;
				CURRENT_PROJECT_VERSION = 1;
				DEVELOPMENT_TEAM = KFPSLPBU25;
				GENERATE_INFOPLIST_FILE = YES;
				IPHONEOS_DEPLOYMENT_TARGET = 17.0;
				MARKETING_VERSION = 1.0;
				PRODUCT_BUNDLE_IDENTIFIER = edu.byu.is543.NavigationDemoTests;
				PRODUCT_NAME = "$(TARGET_NAME)";
				SWIFT_EMIT_LOC_STRINGS = NO;
				SWIFT_VERSION = 5.0;
				TARGETED_DEVICE_FAMILY = "1,2";
				TEST_HOST = "$(BUILT_PRODUCTS_DIR)/NavigationDemo.app/$(BUNDLE_EXECUTABLE_FOLDER_PATH)/NavigationDemo";
			};
			name = Release;
		};
		3F27A4432B163FFE002F36FD /* Debug */ = {
			isa = XCBuildConfiguration;
			buildSettings = {
				ALWAYS_EMBED_SWIFT_STANDARD_LIBRARIES = YES;
				CODE_SIGN_STYLE = Automatic;
				CURRENT_PROJECT_VERSION = 1;
				DEVELOPMENT_TEAM = KFPSLPBU25;
				GENERATE_INFOPLIST_FILE = YES;
				MARKETING_VERSION = 1.0;
				PRODUCT_BUNDLE_IDENTIFIER = edu.byu.is543.NavigationDemoUITests;
				PRODUCT_NAME = "$(TARGET_NAME)";
				SWIFT_EMIT_LOC_STRINGS = NO;
				SWIFT_VERSION = 5.0;
				TARGETED_DEVICE_FAMILY = "1,2";
				TEST_TARGET_NAME = NavigationDemo;
			};
			name = Debug;
		};
		3F27A4442B163FFE002F36FD /* Release */ = {
			isa = XCBuildConfiguration;
			buildSettings = {
				ALWAYS_EMBED_SWIFT_STANDARD_LIBRARIES = YES;
				CODE_SIGN_STYLE = Automatic;
				CURRENT_PROJECT_VERSION = 1;
				DEVELOPMENT_TEAM = KFPSLPBU25;
				GENERATE_INFOPLIST_FILE = YES;
				MARKETING_VERSION = 1.0;
				PRODUCT_BUNDLE_IDENTIFIER = edu.byu.is543.NavigationDemoUITests;
				PRODUCT_NAME = "$(TARGET_NAME)";
				SWIFT_EMIT_LOC_STRINGS = NO;
				SWIFT_VERSION = 5.0;
				TARGETED_DEVICE_FAMILY = "1,2";
				TEST_TARGET_NAME = NavigationDemo;
			};
			name = Release;
		};
/* End XCBuildConfiguration section */

/* Begin XCConfigurationList section */
		3F27A4112B163FFB002F36FD /* Build configuration list for PBXProject "NavigationDemo" */ = {
			isa = XCConfigurationList;
			buildConfigurations = (
				3F27A43A2B163FFE002F36FD /* Debug */,
				3F27A43B2B163FFE002F36FD /* Release */,
			);
			defaultConfigurationIsVisible = 0;
			defaultConfigurationName = Release;
		};
		3F27A43C2B163FFE002F36FD /* Build configuration list for PBXNativeTarget "NavigationDemo" */ = {
			isa = XCConfigurationList;
			buildConfigurations = (
				3F27A43D2B163FFE002F36FD /* Debug */,
				3F27A43E2B163FFE002F36FD /* Release */,
			);
			defaultConfigurationIsVisible = 0;
			defaultConfigurationName = Release;
		};
		3F27A43F2B163FFE002F36FD /* Build configuration list for PBXNativeTarget "NavigationDemoTests" */ = {
			isa = XCConfigurationList;
			buildConfigurations = (
				3F27A4402B163FFE002F36FD /* Debug */,
				3F27A4412B163FFE002F36FD /* Release */,
			);
			defaultConfigurationIsVisible = 0;
			defaultConfigurationName = Release;
		};
		3F27A4422B163FFE002F36FD /* Build configuration list for PBXNativeTarget "NavigationDemoUITests" */ = {
			isa = XCConfigurationList;
			buildConfigurations = (
				3F27A4432B163FFE002F36FD /* Debug */,
				3F27A4442B163FFE002F36FD /* Release */,
			);
			defaultConfigurationIsVisible = 0;
			defaultConfigurationName = Release;
		};
/* End XCConfigurationList section */
	};
	rootObject = 3F27A40E2B163FFB002F36FD /* Project object */;
}
